
Microsoft Visual Studio Solution File, Format Version 12.00
# Visual Studio Version 17
VisualStudioVersion = 17.4.33205.214
MinimumVisualStudioVersion = 10.0.40219.1
Project("{FAE04EC0-301F-11D3-BF4B-00C04F79EFBC}") = "WebSecureBookings", "WebSecureBookings\WebSecureBookings.csproj", "{8549C14F-C651-4BDF-97F9-E523F8B6BEFD}"
EndProject
Global
	GlobalSection(SolutionConfigurationPlatforms) = preSolution
		Debug|Any CPU = Debug|Any CPU
		Release|Any CPU = Release|Any CPU
	EndGlobalSection
	GlobalSection(ProjectConfigurationPlatforms) = postSolution
		{8549C14F-C651-4BDF-97F9-E523F8B6BEFD}.Debug|Any CPU.ActiveCfg = Debug|Any CPU
		{8549C14F-C651-4BDF-97F9-E523F8B6BEFD}.Debug|Any CPU.Build.0 = Debug|Any CPU
		{8549C14F-C651-4BDF-97F9-E523F8B6BEFD}.Release|Any CPU.ActiveCfg = Release|Any CPU
		{8549C14F-C651-4BDF-97F9-E523F8B6BEFD}.Release|Any CPU.Build.0 = Release|Any CPU
	EndGlobalSection
	GlobalSection(SolutionProperties) = preSolution
		HideSolutionNode = FALSE
	EndGlobalSection
	GlobalSection(ExtensibilityGlobals) = postSolution
		SolutionGuid = {B01C3337-B1C5-456F-A687-5084C9ECA9FC}
	EndGlobalSection
EndGlobal
